
Microsoft Visual Studio Solution File, Format Version 12.00
# Visual Studio Version 17
VisualStudioVersion = 17.7.34024.191
MinimumVisualStudioVersion = 10.0.40219.1
Project("{FAE04EC0-301F-11D3-BF4B-00C04F79EFBC}") = "ass", "ass.csproj", "{6760FE3D-4E0B-40E6-9C72-7AD60BB4612C}"
EndProject
Global
	GlobalSection(SolutionConfigurationPlatforms) = preSolution
		Debug|Any CPU = Debug|Any CPU
		Release|Any CPU = Release|Any CPU
	EndGlobalSection
	GlobalSection(ProjectConfigurationPlatforms) = postSolution
		{6760FE3D-4E0B-40E6-9C72-7AD60BB4612C}.Debug|Any CPU.ActiveCfg = Debug|Any CPU
		{6760FE3D-4E0B-40E6-9C72-7AD60BB4612C}.Debug|Any CPU.Build.0 = Debug|Any CPU
		{6760FE3D-4E0B-40E6-9C72-7AD60BB4612C}.Release|Any CPU.ActiveCfg = Release|Any CPU
		{6760FE3D-4E0B-40E6-9C72-7AD60BB4612C}.Release|Any CPU.Build.0 = Release|Any CPU
	EndGlobalSection
	GlobalSection(SolutionProperties) = preSolution
		HideSolutionNode = FALSE
	EndGlobalSection
	GlobalSection(ExtensibilityGlobals) = postSolution
		SolutionGuid = {EBA98CF5-2D8B-47FA-98D5-A3D401636162}
	EndGlobalSection
EndGlobal
